// !$*UTF8*$!
{
	archiveVersion = 1;
	classes = {
	};
	objectVersion = 50;
	objects = {

/* Begin PBXBuildFile section */
		BF830EB922956B97007A5048 /* AppDelegate.swift in Sources */ = {isa = PBXBuildFile; fileRef = BF830EB822956B97007A5048 /* AppDelegate.swift */; };
		BF830EBB22956B97007A5048 /* ViewController.swift in Sources */ = {isa = PBXBuildFile; fileRef = BF830EBA22956B97007A5048 /* ViewController.swift */; };
		BF830EBE22956B97007A5048 /* Main.storyboard in Resources */ = {isa = PBXBuildFile; fileRef = BF830EBC22956B97007A5048 /* Main.storyboard */; };
		BF830EC022956B99007A5048 /* Assets.xcassets in Resources */ = {isa = PBXBuildFile; fileRef = BF830EBF22956B99007A5048 /* Assets.xcassets */; };
		BF830EC322956B99007A5048 /* LaunchScreen.storyboard in Resources */ = {isa = PBXBuildFile; fileRef = BF830EC122956B99007A5048 /* LaunchScreen.storyboard */; };
		BF830ECB22956BBB007A5048 /* ImageViewUtil.swift in Sources */ = {isa = PBXBuildFile; fileRef = BF830ECA22956BBB007A5048 /* ImageViewUtil.swift */; };
		BF830ECD22956C71007A5048 /* BookListTableViewController.swift in Sources */ = {isa = PBXBuildFile; fileRef = BF830ECC22956C71007A5048 /* BookListTableViewController.swift */; };
		BF830ECF22956CA1007A5048 /* NetworkManager.swift in Sources */ = {isa = PBXBuildFile; fileRef = BF830ECE22956CA1007A5048 /* NetworkManager.swift */; };
		BF830ED122956DF7007A5048 /* Book.swift in Sources */ = {isa = PBXBuildFile; fileRef = BF830ED022956DF7007A5048 /* Book.swift */; };
		BF830ED322957025007A5048 /* Constants.swift in Sources */ = {isa = PBXBuildFile; fileRef = BF830ED222957024007A5048 /* Constants.swift */; };
		BF830ED5229571C8007A5048 /* BookTableViewCell.swift in Sources */ = {isa = PBXBuildFile; fileRef = BF830ED4229571C8007A5048 /* BookTableViewCell.swift */; };
		BF830ED72295745B007A5048 /* FilterTableViewController.swift in Sources */ = {isa = PBXBuildFile; fileRef = BF830ED62295745B007A5048 /* FilterTableViewController.swift */; };
		BF830ED92295766F007A5048 /* BookDetailViewController.swift in Sources */ = {isa = PBXBuildFile; fileRef = BF830ED82295766F007A5048 /* BookDetailViewController.swift */; };
		BF830EDB22957996007A5048 /* FilterDetailsListTableViewController.swift in Sources */ = {isa = PBXBuildFile; fileRef = BF830EDA22957996007A5048 /* FilterDetailsListTableViewController.swift */; };
/* End PBXBuildFile section */

/* Begin PBXFileReference section */
		BF830EB522956B97007A5048 /* BooksCatalogue.app */ = {isa = PBXFileReference; explicitFileType = wrapper.application; includeInIndex = 0; path = BooksCatalogue.app; sourceTree = BUILT_PRODUCTS_DIR; };
		BF830EB822956B97007A5048 /* AppDelegate.swift */ = {isa = PBXFileReference; lastKnownFileType = sourcecode.swift; path = AppDelegate.swift; sourceTree = "<group>"; };
		BF830EBA22956B97007A5048 /* ViewController.swift */ = {isa = PBXFileReference; lastKnownFileType = sourcecode.swift; path = ViewController.swift; sourceTree = "<group>"; };
		BF830EBD22956B97007A5048 /* Base */ = {isa = PBXFileReference; lastKnownFileType = file.storyboard; name = Base; path = Base.lproj/Main.storyboard; sourceTree = "<group>"; };
		BF830EBF22956B99007A5048 /* Assets.xcassets */ = {isa = PBXFileReference; lastKnownFileType = folder.assetcatalog; path = Assets.xcassets; sourceTree = "<group>"; };
		BF830EC222956B99007A5048 /* Base */ = {isa = PBXFileReference; lastKnownFileType = file.storyboard; name = Base; path = Base.lproj/LaunchScreen.storyboard; sourceTree = "<group>"; };
		BF830EC422956B99007A5048 /* Info.plist */ = {isa = PBXFileReference; lastKnownFileType = text.plist.xml; path = Info.plist; sourceTree = "<group>"; };
		BF830ECA22956BBB007A5048 /* ImageViewUtil.swift */ = {isa = PBXFileReference; lastKnownFileType = sourcecode.swift; path = ImageViewUtil.swift; sourceTree = "<group>"; };
		BF830ECC22956C71007A5048 /* BookListTableViewController.swift */ = {isa = PBXFileReference; lastKnownFileType = sourcecode.swift; path = BookListTableViewController.swift; sourceTree = "<group>"; };
		BF830ECE22956CA1007A5048 /* NetworkManager.swift */ = {isa = PBXFileReference; fileEncoding = 4; lastKnownFileType = sourcecode.swift; path = NetworkManager.swift; sourceTree = "<group>"; };
		BF830ED022956DF7007A5048 /* Book.swift */ = {isa = PBXFileReference; fileEncoding = 4; lastKnownFileType = sourcecode.swift; path = Book.swift; sourceTree = "<group>"; };
		BF830ED222957024007A5048 /* Constants.swift */ = {isa = PBXFileReference; fileEncoding = 4; lastKnownFileType = sourcecode.swift; path = Constants.swift; sourceTree = "<group>"; };
		BF830ED4229571C8007A5048 /* BookTableViewCell.swift */ = {isa = PBXFileReference; lastKnownFileType = sourcecode.swift; path = BookTableViewCell.swift; sourceTree = "<group>"; };
		BF830ED62295745B007A5048 /* FilterTableViewController.swift */ = {isa = PBXFileReference; lastKnownFileType = sourcecode.swift; path = FilterTableViewController.swift; sourceTree = "<group>"; };
		BF830ED82295766F007A5048 /* BookDetailViewController.swift */ = {isa = PBXFileReference; lastKnownFileType = sourcecode.swift; path = BookDetailViewController.swift; sourceTree = "<group>"; };
		BF830EDA22957996007A5048 /* FilterDetailsListTableViewController.swift */ = {isa = PBXFileReference; lastKnownFileType = sourcecode.swift; path = FilterDetailsListTableViewController.swift; sourceTree = "<group>"; };
/* End PBXFileReference section */

/* Begin PBXFrameworksBuildPhase section */
		BF830EB222956B97007A5048 /* Frameworks */ = {
			isa = PBXFrameworksBuildPhase;
			buildActionMask = 2147483647;
			files = (
			);
			runOnlyForDeploymentPostprocessing = 0;
		};
/* End PBXFrameworksBuildPhase section */

/* Begin PBXGroup section */
		BF830EAC22956B97007A5048 = {
			isa = PBXGroup;
			children = (
				BF830EB722956B97007A5048 /* BooksCatalogue */,
				BF830EB622956B97007A5048 /* Products */,
			);
			sourceTree = "<group>";
		};
		BF830EB622956B97007A5048 /* Products */ = {
			isa = PBXGroup;
			children = (
				BF830EB522956B97007A5048 /* BooksCatalogue.app */,
			);
			name = Products;
			sourceTree = "<group>";
		};
		BF830EB722956B97007A5048 /* BooksCatalogue */ = {
			isa = PBXGroup;
			children = (
				BF830EB822956B97007A5048 /* AppDelegate.swift */,
				BF830EBA22956B97007A5048 /* ViewController.swift */,
				BF830ECA22956BBB007A5048 /* ImageViewUtil.swift */,
				BF830EBC22956B97007A5048 /* Main.storyboard */,
				BF830EBF22956B99007A5048 /* Assets.xcassets */,
				BF830EC122956B99007A5048 /* LaunchScreen.storyboard */,
				BF830EC422956B99007A5048 /* Info.plist */,
				BF830ED222957024007A5048 /* Constants.swift */,
				BF830ED022956DF7007A5048 /* Book.swift */,
				BF830ECE22956CA1007A5048 /* NetworkManager.swift */,
				BF830ECC22956C71007A5048 /* BookListTableViewController.swift */,
				BF830ED4229571C8007A5048 /* BookTableViewCell.swift */,
				BF830ED62295745B007A5048 /* FilterTableViewController.swift */,
				BF830ED82295766F007A5048 /* BookDetailViewController.swift */,
				BF830EDA22957996007A5048 /* FilterDetailsListTableViewController.swift */,
			);
			path = BooksCatalogue;
			sourceTree = "<group>";
		};
/* End PBXGroup section */

/* Begin PBXNativeTarget section */
		BF830EB422956B97007A5048 /* BooksCatalogue */ = {
			isa = PBXNativeTarget;
			buildConfigurationList = BF830EC722956B99007A5048 /* Build configuration list for PBXNativeTarget "BooksCatalogue" */;
			buildPhases = (
				BF830EB122956B97007A5048 /* Sources */,
				BF830EB222956B97007A5048 /* Frameworks */,
				BF830EB322956B97007A5048 /* Resources */,
			);
			buildRules = (
			);
			dependencies = (
			);
			name = BooksCatalogue;
			productName = BooksCatalogue;
			productReference = BF830EB522956B97007A5048 /* BooksCatalogue.app */;
			productType = "com.apple.product-type.application";
		};
/* End PBXNativeTarget section */

/* Begin PBXProject section */
		BF830EAD22956B97007A5048 /* Project object */ = {
			isa = PBXProject;
			attributes = {
				LastSwiftUpdateCheck = 1020;
				LastUpgradeCheck = 1020;
				ORGANIZATIONNAME = "Nayak, Nishant (external - Project)";
				TargetAttributes = {
					BF830EB422956B97007A5048 = {
						CreatedOnToolsVersion = 10.2.1;
					};
				};
			};
			buildConfigurationList = BF830EB022956B97007A5048 /* Build configuration list for PBXProject "BooksCatalogue" */;
			compatibilityVersion = "Xcode 9.3";
			developmentRegion = en;
			hasScannedForEncodings = 0;
			knownRegions = (
				en,
				Base,
			);
			mainGroup = BF830EAC22956B97007A5048;
			productRefGroup = BF830EB622956B97007A5048 /* Products */;
			projectDirPath = "";
			projectRoot = "";
			targets = (
				BF830EB422956B97007A5048 /* BooksCatalogue */,
			);
		};
/* End PBXProject section */

/* Begin PBXResourcesBuildPhase section */
		BF830EB322956B97007A5048 /* Resources */ = {
			isa = PBXResourcesBuildPhase;
			buildActionMask = 2147483647;
			files = (
				BF830EC322956B99007A5048 /* LaunchScreen.storyboard in Resources */,
				BF830EC022956B99007A5048 /* Assets.xcassets in Resources */,
				BF830EBE22956B97007A5048 /* Main.storyboard in Resources */,
			);
			runOnlyForDeploymentPostprocessing = 0;
		};
/* End PBXResourcesBuildPhase section */

/* Begin PBXSourcesBuildPhase section */
		BF830EB122956B97007A5048 /* Sources */ = {
			isa = PBXSourcesBuildPhase;
			buildActionMask = 2147483647;
			files = (
				BF830ED5229571C8007A5048 /* BookTableViewCell.swift in Sources */,
				BF830EDB22957996007A5048 /* FilterDetailsListTableViewController.swift in Sources */,
				BF830ED72295745B007A5048 /* FilterTableViewController.swift in Sources */,
				BF830EBB22956B97007A5048 /* ViewController.swift in Sources */,
				BF830ECB22956BBB007A5048 /* ImageViewUtil.swift in Sources */,
				BF830ED92295766F007A5048 /* BookDetailViewController.swift in Sources */,
				BF830ECF22956CA1007A5048 /* NetworkManager.swift in Sources */,
				BF830ECD22956C71007A5048 /* BookListTableViewController.swift in Sources */,
				BF830ED322957025007A5048 /* Constants.swift in Sources */,
				BF830ED122956DF7007A5048 /* Book.swift in Sources */,
				BF830EB922956B97007A5048 /* AppDelegate.swift in Sources */,
			);
			runOnlyForDeploymentPostprocessing = 0;
		};
/* End PBXSourcesBuildPhase section */

/* Begin PBXVariantGroup section */
		BF830EBC22956B97007A5048 /* Main.storyboard */ = {
			isa = PBXVariantGroup;
			children = (
				BF830EBD22956B97007A5048 /* Base */,
			);
			name = Main.storyboard;
			sourceTree = "<group>";
		};
		BF830EC122956B99007A5048 /* LaunchScreen.storyboard */ = {
			isa = PBXVariantGroup;
			children = (
				BF830EC222956B99007A5048 /* Base */,
			);
			name = LaunchScreen.storyboard;
			sourceTree = "<group>";
		};
/* End PBXVariantGroup section */

/* Begin XCBuildConfiguration section */
		BF830EC522956B99007A5048 /* Debug */ = {
			isa = XCBuildConfiguration;
			buildSettings = {
				ALWAYS_SEARCH_USER_PATHS = NO;
				CLANG_ANALYZER_NONNULL = YES;
				CLANG_ANALYZER_NUMBER_OBJECT_CONVERSION = YES_AGGRESSIVE;
				CLANG_CXX_LANGUAGE_STANDARD = "gnu++14";
				CLANG_CXX_LIBRARY = "libc++";
				CLANG_ENABLE_MODULES = YES;
				CLANG_ENABLE_OBJC_ARC = YES;
				CLANG_ENABLE_OBJC_WEAK = YES;
				CLANG_WARN_BLOCK_CAPTURE_AUTORELEASING = YES;
				CLANG_WARN_BOOL_CONVERSION = YES;
				CLANG_WARN_COMMA = YES;
				CLANG_WARN_CONSTANT_CONVERSION = YES;
				CLANG_WARN_DEPRECATED_OBJC_IMPLEMENTATIONS = YES;
				CLANG_WARN_DIRECT_OBJC_ISA_USAGE = YES_ERROR;
				CLANG_WARN_DOCUMENTATION_COMMENTS = YES;
				CLANG_WARN_EMPTY_BODY = YES;
				CLANG_WARN_ENUM_CONVERSION = YES;
				CLANG_WARN_INFINITE_RECURSION = YES;
				CLANG_WARN_INT_CONVERSION = YES;
				CLANG_WARN_NON_LITERAL_NULL_CONVERSION = YES;
				CLANG_WARN_OBJC_IMPLICIT_RETAIN_SELF = YES;
				CLANG_WARN_OBJC_LITERAL_CONVERSION = YES;
				CLANG_WARN_OBJC_ROOT_CLASS = YES_ERROR;
				CLANG_WARN_RANGE_LOOP_ANALYSIS = YES;
				CLANG_WARN_STRICT_PROTOTYPES = YES;
				CLANG_WARN_SUSPICIOUS_MOVE = YES;
				CLANG_WARN_UNGUARDED_AVAILABILITY = YES_AGGRESSIVE;
				CLANG_WARN_UNREACHABLE_CODE = YES;
				CLANG_WARN__DUPLICATE_METHOD_MATCH = YES;
				CODE_SIGN_IDENTITY = "iPhone Developer";
				COPY_PHASE_STRIP = NO;
				DEBUG_INFORMATION_FORMAT = dwarf;
				ENABLE_STRICT_OBJC_MSGSEND = YES;
				ENABLE_TESTABILITY = YES;
				GCC_C_LANGUAGE_STANDARD = gnu11;
				GCC_DYNAMIC_NO_PIC = NO;
				GCC_NO_COMMON_BLOCKS = YES;
				GCC_OPTIMIZATION_LEVEL = 0;
				GCC_PREPROCESSOR_DEFINITIONS = (
					"DEBUG=1",
					"$(inherited)",
				);
				GCC_WARN_64_TO_32_BIT_CONVERSION = YES;
				GCC_WARN_ABOUT_RETURN_TYPE = YES_ERROR;
				GCC_WARN_UNDECLARED_SELECTOR = YES;
				GCC_WARN_UNINITIALIZED_AUTOS = YES_AGGRESSIVE;
				GCC_WARN_UNUSED_FUNCTION = YES;
				GCC_WARN_UNUSED_VARIABLE = YES;
				IPHONEOS_DEPLOYMENT_TARGET = 12.2;
				MTL_ENABLE_DEBUG_INFO = INCLUDE_SOURCE;
				MTL_FAST_MATH = YES;
				ONLY_ACTIVE_ARCH = YES;
				SDKROOT = iphoneos;
				SWIFT_ACTIVE_COMPILATION_CONDITIONS = DEBUG;
				SWIFT_OPTIMIZATION_LEVEL = "-Onone";
			};
			name = Debug;
		};
		BF830EC622956B99007A5048 /* Release */ = {
			isa = XCBuildConfiguration;
			buildSettings = {
				ALWAYS_SEARCH_USER_PATHS = NO;
				CLANG_ANALYZER_NONNULL = YES;
				CLANG_ANALYZER_NUMBER_OBJECT_CONVERSION = YES_AGGRESSIVE;
				CLANG_CXX_LANGUAGE_STANDARD = "gnu++14";
				CLANG_CXX_LIBRARY = "libc++";
				CLANG_ENABLE_MODULES = YES;
				CLANG_ENABLE_OBJC_ARC = YES;
				CLANG_ENABLE_OBJC_WEAK = YES;
				CLANG_WARN_BLOCK_CAPTURE_AUTORELEASING = YES;
				CLANG_WARN_BOOL_CONVERSION = YES;
				CLANG_WARN_COMMA = YES;
				CLANG_WARN_CONSTANT_CONVERSION = YES;
				CLANG_WARN_DEPRECATED_OBJC_IMPLEMENTATIONS = YES;
				CLANG_WARN_DIRECT_OBJC_ISA_USAGE = YES_ERROR;
				CLANG_WARN_DOCUMENTATION_COMMENTS = YES;
				CLANG_WARN_EMPTY_BODY = YES;
				CLANG_WARN_ENUM_CONVERSION = YES;
				CLANG_WARN_INFINITE_RECURSION = YES;
				CLANG_WARN_INT_CONVERSION = YES;
				CLANG_WARN_NON_LITERAL_NULL_CONVERSION = YES;
				CLANG_WARN_OBJC_IMPLICIT_RETAIN_SELF = YES;
				CLANG_WARN_OBJC_LITERAL_CONVERSION = YES;
				CLANG_WARN_OBJC_ROOT_CLASS = YES_ERROR;
				CLANG_WARN_RANGE_LOOP_ANALYSIS = YES;
				CLANG_WARN_STRICT_PROTOTYPES = YES;
				CLANG_WARN_SUSPICIOUS_MOVE = YES;
				CLANG_WARN_UNGUARDED_AVAILABILITY = YES_AGGRESSIVE;
				CLANG_WARN_UNREACHABLE_CODE = YES;
				CLANG_WARN__DUPLICATE_METHOD_MATCH = YES;
				CODE_SIGN_IDENTITY = "iPhone Developer";
				COPY_PHASE_STRIP = NO;
				DEBUG_INFORMATION_FORMAT = "dwarf-with-dsym";
				ENABLE_NS_ASSERTIONS = NO;
				ENABLE_STRICT_OBJC_MSGSEND = YES;
				GCC_C_LANGUAGE_STANDARD = gnu11;
				GCC_NO_COMMON_BLOCKS = YES;
				GCC_WARN_64_TO_32_BIT_CONVERSION = YES;
				GCC_WARN_ABOUT_RETURN_TYPE = YES_ERROR;
				GCC_WARN_UNDECLARED_SELECTOR = YES;
				GCC_WARN_UNINITIALIZED_AUTOS = YES_AGGRESSIVE;
				GCC_WARN_UNUSED_FUNCTION = YES;
				GCC_WARN_UNUSED_VARIABLE = YES;
				IPHONEOS_DEPLOYMENT_TARGET = 12.2;
				MTL_ENABLE_DEBUG_INFO = NO;
				MTL_FAST_MATH = YES;
				SDKROOT = iphoneos;
				SWIFT_COMPILATION_MODE = wholemodule;
				SWIFT_OPTIMIZATION_LEVEL = "-O";
				VALIDATE_PRODUCT = YES;
			};
			name = Release;
		};
		BF830EC822956B99007A5048 /* Debug */ = {
			isa = XCBuildConfiguration;
			buildSettings = {
				ASSETCATALOG_COMPILER_APPICON_NAME = AppIcon;
				CODE_SIGN_STYLE = Automatic;
				INFOPLIST_FILE = BooksCatalogue/Info.plist;
				LD_RUNPATH_SEARCH_PATHS = (
					"$(inherited)",
					"@executable_path/Frameworks",
				);
				PRODUCT_BUNDLE_IDENTIFIER = com.nayak.nishant.BooksCatalogue;
				PRODUCT_NAME = "$(TARGET_NAME)";
				SWIFT_VERSION = 5.0;
				TARGETED_DEVICE_FAMILY = "1,2";
			};
			name = Debug;
		};
		BF830EC922956B99007A5048 /* Release */ = {
			isa = XCBuildConfiguration;
			buildSettings = {
				ASSETCATALOG_COMPILER_APPICON_NAME = AppIcon;
				CODE_SIGN_STYLE = Automatic;
				INFOPLIST_FILE = BooksCatalogue/Info.plist;
				LD_RUNPATH_SEARCH_PATHS = (
					"$(inherited)",
					"@executable_path/Frameworks",
				);
				PRODUCT_BUNDLE_IDENTIFIER = com.nayak.nishant.BooksCatalogue;
				PRODUCT_NAME = "$(TARGET_NAME)";
				SWIFT_VERSION = 5.0;
				TARGETED_DEVICE_FAMILY = "1,2";
			};
			name = Release;
		};
/* End XCBuildConfiguration section */

/* Begin XCConfigurationList section */
		BF830EB022956B97007A5048 /* Build configuration list for PBXProject "BooksCatalogue" */ = {
			isa = XCConfigurationList;
			buildConfigurations = (
				BF830EC522956B99007A5048 /* Debug */,
				BF830EC622956B99007A5048 /* Release */,
			);
			defaultConfigurationIsVisible = 0;
			defaultConfigurationName = Release;
		};
		BF830EC722956B99007A5048 /* Build configuration list for PBXNativeTarget "BooksCatalogue" */ = {
			isa = XCConfigurationList;
			buildConfigurations = (
				BF830EC822956B99007A5048 /* Debug */,
				BF830EC922956B99007A5048 /* Release */,
			);
			defaultConfigurationIsVisible = 0;
			defaultConfigurationName = Release;
		};
/* End XCConfigurationList section */
	};
	rootObject = BF830EAD22956B97007A5048 /* Project object */;
}
